
Microsoft Visual Studio Solution File, Format Version 12.00
# Visual Studio 15
VisualStudioVersion = 15.0.28307.168
MinimumVisualStudioVersion = 10.0.40219.1
Project("{00D1A9C2-B5F0-4AF3-8072-F6C62B433612}") = "CopySSISEnvironmentsWithTSQL", "CopySSISEnvironmentsWithTSQL.sqlproj", "{B7CE7E36-6771-48C7-A1E7-AA7435EB9079}"
EndProject
Global
	GlobalSection(SolutionConfigurationPlatforms) = preSolution
		Debug|Any CPU = Debug|Any CPU
		Release|Any CPU = Release|Any CPU
	EndGlobalSection
	GlobalSection(ProjectConfigurationPlatforms) = postSolution
		{B7CE7E36-6771-48C7-A1E7-AA7435EB9079}.Debug|Any CPU.ActiveCfg = Debug|Any CPU
		{B7CE7E36-6771-48C7-A1E7-AA7435EB9079}.Debug|Any CPU.Build.0 = Debug|Any CPU
		{B7CE7E36-6771-48C7-A1E7-AA7435EB9079}.Debug|Any CPU.Deploy.0 = Debug|Any CPU
		{B7CE7E36-6771-48C7-A1E7-AA7435EB9079}.Release|Any CPU.ActiveCfg = Release|Any CPU
		{B7CE7E36-6771-48C7-A1E7-AA7435EB9079}.Release|Any CPU.Build.0 = Release|Any CPU
		{B7CE7E36-6771-48C7-A1E7-AA7435EB9079}.Release|Any CPU.Deploy.0 = Release|Any CPU
	EndGlobalSection
	GlobalSection(SolutionProperties) = preSolution
		HideSolutionNode = FALSE
	EndGlobalSection
	GlobalSection(ExtensibilityGlobals) = postSolution
		SolutionGuid = {B48A0EBE-A279-4DEF-AA00-CC08597CAA30}
	EndGlobalSection
EndGlobal
